
Microsoft Visual Studio Solution File, Format Version 12.00
# Visual Studio Version 17
VisualStudioVersion = 17.14.36203.30
MinimumVisualStudioVersion = 10.0.40219.1
Project("{2150E333-8FDC-42A3-9474-1A3956D46DE8}") = "Services", "Services", "{02EA681E-C7D8-13C7-8484-4AC65E1B71E8}"
EndProject
Project("{2150E333-8FDC-42A3-9474-1A3956D46DE8}") = "Catalog", "Catalog", "{CD8537E4-FB43-4A19-BE38-B47C117054C8}"
EndProject
Project("{FAE04EC0-301F-11D3-BF4B-00C04F79EFBC}") = "Catalog.API", "Services\Catalog\Catalog.API\Catalog.API.csproj", "{B0ED60AA-893E-41CD-A337-5C732087D902}"
EndProject
Project("{2150E333-8FDC-42A3-9474-1A3956D46DE8}") = "BuildingBlocks", "BuildingBlocks", "{FE51653A-C945-41C7-AFB8-950CD277D64F}"
EndProject
Project("{FAE04EC0-301F-11D3-BF4B-00C04F79EFBC}") = "BuildingBlocks", "BuildingBlocks\BuildingBlocks\BuildingBlocks.csproj", "{30F33EE7-6AEF-401F-A1D7-1EA30342A243}"
EndProject
Project("{E53339B2-1760-4266-BCC7-CA923CBCF16C}") = "docker-compose", "docker-compose.dcproj", "{81DDED9D-158B-E303-5F62-77A2896D2A5A}"
EndProject
Global
	GlobalSection(SolutionConfigurationPlatforms) = preSolution
		Debug|Any CPU = Debug|Any CPU
		Release|Any CPU = Release|Any CPU
	EndGlobalSection
	GlobalSection(ProjectConfigurationPlatforms) = postSolution
		{B0ED60AA-893E-41CD-A337-5C732087D902}.Debug|Any CPU.ActiveCfg = Debug|Any CPU
		{B0ED60AA-893E-41CD-A337-5C732087D902}.Debug|Any CPU.Build.0 = Debug|Any CPU
		{B0ED60AA-893E-41CD-A337-5C732087D902}.Release|Any CPU.ActiveCfg = Release|Any CPU
		{B0ED60AA-893E-41CD-A337-5C732087D902}.Release|Any CPU.Build.0 = Release|Any CPU
		{30F33EE7-6AEF-401F-A1D7-1EA30342A243}.Debug|Any CPU.ActiveCfg = Debug|Any CPU
		{30F33EE7-6AEF-401F-A1D7-1EA30342A243}.Debug|Any CPU.Build.0 = Debug|Any CPU
		{30F33EE7-6AEF-401F-A1D7-1EA30342A243}.Release|Any CPU.ActiveCfg = Release|Any CPU
		{30F33EE7-6AEF-401F-A1D7-1EA30342A243}.Release|Any CPU.Build.0 = Release|Any CPU
		{81DDED9D-158B-E303-5F62-77A2896D2A5A}.Debug|Any CPU.ActiveCfg = Debug|Any CPU
		{81DDED9D-158B-E303-5F62-77A2896D2A5A}.Debug|Any CPU.Build.0 = Debug|Any CPU
		{81DDED9D-158B-E303-5F62-77A2896D2A5A}.Release|Any CPU.ActiveCfg = Release|Any CPU
		{81DDED9D-158B-E303-5F62-77A2896D2A5A}.Release|Any CPU.Build.0 = Release|Any CPU
	EndGlobalSection
	GlobalSection(SolutionProperties) = preSolution
		HideSolutionNode = FALSE
	EndGlobalSection
	GlobalSection(NestedProjects) = preSolution
		{CD8537E4-FB43-4A19-BE38-B47C117054C8} = {02EA681E-C7D8-13C7-8484-4AC65E1B71E8}
		{B0ED60AA-893E-41CD-A337-5C732087D902} = {CD8537E4-FB43-4A19-BE38-B47C117054C8}
		{30F33EE7-6AEF-401F-A1D7-1EA30342A243} = {FE51653A-C945-41C7-AFB8-950CD277D64F}
	EndGlobalSection
	GlobalSection(ExtensibilityGlobals) = postSolution
		SolutionGuid = {64F1FBFC-ADD2-45BE-90F9-AF0453D089E5}
	EndGlobalSection
EndGlobal
