
Microsoft Visual Studio Solution File, Format Version 12.00
# Visual Studio Version 17
VisualStudioVersion = 17.14.37411.7
MinimumVisualStudioVersion = 10.0.40219.1
Project("{2150E333-8FDC-42A3-9474-1A3956D46DE8}") = "Services", "Services", "{02EA681E-C7D8-13C7-8484-4AC65E1B71E8}"
EndProject
Project("{2150E333-8FDC-42A3-9474-1A3956D46DE8}") = "Catalog", "Catalog", "{5F664EF5-0C79-4584-A5B1-2601FE968B75}"
EndProject
Project("{FAE04EC0-301F-11D3-BF4B-00C04F79EFBC}") = "Catalog.API", "Services\Catalog\Catalog.API\Catalog.API.csproj", "{B31654C4-2B5C-4E45-991A-9AA4A665D133}"
EndProject
Project("{2150E333-8FDC-42A3-9474-1A3956D46DE8}") = "BuildingBlocks", "BuildingBlocks", "{E4EF9641-8672-4624-B7CB-4AE8C8D4DC16}"
EndProject
Project("{FAE04EC0-301F-11D3-BF4B-00C04F79EFBC}") = "BuildingBlocks", "BuildingBlocks\BuildingBlocks\BuildingBlocks.csproj", "{823637AE-5D6F-408E-9855-BF953F82A904}"
EndProject
Project("{E53339B2-1760-4266-BCC7-CA923CBCF16C}") = "docker-compose", "docker-compose.dcproj", "{81DDED9D-158B-E303-5F62-77A2896D2A5A}"
EndProject
Global
	GlobalSection(SolutionConfigurationPlatforms) = preSolution
		Debug|Any CPU = Debug|Any CPU
		Release|Any CPU = Release|Any CPU
	EndGlobalSection
	GlobalSection(ProjectConfigurationPlatforms) = postSolution
		{B31654C4-2B5C-4E45-991A-9AA4A665D133}.Debug|Any CPU.ActiveCfg = Debug|Any CPU
		{B31654C4-2B5C-4E45-991A-9AA4A665D133}.Debug|Any CPU.Build.0 = Debug|Any CPU
		{B31654C4-2B5C-4E45-991A-9AA4A665D133}.Release|Any CPU.ActiveCfg = Release|Any CPU
		{B31654C4-2B5C-4E45-991A-9AA4A665D133}.Release|Any CPU.Build.0 = Release|Any CPU
		{823637AE-5D6F-408E-9855-BF953F82A904}.Debug|Any CPU.ActiveCfg = Debug|Any CPU
		{823637AE-5D6F-408E-9855-BF953F82A904}.Debug|Any CPU.Build.0 = Debug|Any CPU
		{823637AE-5D6F-408E-9855-BF953F82A904}.Release|Any CPU.ActiveCfg = Release|Any CPU
		{823637AE-5D6F-408E-9855-BF953F82A904}.Release|Any CPU.Build.0 = Release|Any CPU
		{81DDED9D-158B-E303-5F62-77A2896D2A5A}.Debug|Any CPU.ActiveCfg = Debug|Any CPU
		{81DDED9D-158B-E303-5F62-77A2896D2A5A}.Debug|Any CPU.Build.0 = Debug|Any CPU
		{81DDED9D-158B-E303-5F62-77A2896D2A5A}.Release|Any CPU.ActiveCfg = Release|Any CPU
		{81DDED9D-158B-E303-5F62-77A2896D2A5A}.Release|Any CPU.Build.0 = Release|Any CPU
	EndGlobalSection
	GlobalSection(SolutionProperties) = preSolution
		HideSolutionNode = FALSE
	EndGlobalSection
	GlobalSection(NestedProjects) = preSolution
		{5F664EF5-0C79-4584-A5B1-2601FE968B75} = {02EA681E-C7D8-13C7-8484-4AC65E1B71E8}
		{B31654C4-2B5C-4E45-991A-9AA4A665D133} = {5F664EF5-0C79-4584-A5B1-2601FE968B75}
		{823637AE-5D6F-408E-9855-BF953F82A904} = {E4EF9641-8672-4624-B7CB-4AE8C8D4DC16}
	EndGlobalSection
	GlobalSection(ExtensibilityGlobals) = postSolution
		SolutionGuid = {09CB80DA-3B72-4504-89B6-DB0C185D0DE2}
	EndGlobalSection
EndGlobal
